// !$*UTF8*$!
{
	archiveVersion = 1;
	classes = {
	};
	objectVersion = 50;
	objects = {

/* Begin PBXBuildFile section */
		88DD5DB3984C0F9E24BF32C7 /* Pods_ApplicationTwo.framework in Frameworks */ = {isa = PBXBuildFile; fileRef = F3915981796009460293E9A8 /* Pods_ApplicationTwo.framework */; };
		F6336948296B621C006A1196 /* AppDelegate.swift in Sources */ = {isa = PBXBuildFile; fileRef = F6336947296B621C006A1196 /* AppDelegate.swift */; };
		F633694A296B621C006A1196 /* SceneDelegate.swift in Sources */ = {isa = PBXBuildFile; fileRef = F6336949296B621C006A1196 /* SceneDelegate.swift */; };
		F633694C296B621C006A1196 /* ViewController.swift in Sources */ = {isa = PBXBuildFile; fileRef = F633694B296B621C006A1196 /* ViewController.swift */; };
		F633694F296B621C006A1196 /* Main.storyboard in Resources */ = {isa = PBXBuildFile; fileRef = F633694D296B621C006A1196 /* Main.storyboard */; };
		F6336951296B621D006A1196 /* Assets.xcassets in Resources */ = {isa = PBXBuildFile; fileRef = F6336950296B621D006A1196 /* Assets.xcassets */; };
		F6336954296B621D006A1196 /* LaunchScreen.storyboard in Resources */ = {isa = PBXBuildFile; fileRef = F6336952296B621D006A1196 /* LaunchScreen.storyboard */; };
/* End PBXBuildFile section */

/* Begin PBXFileReference section */
		9FE26AE134C1101261847C69 /* Pods-ApplicationTwo.debug.xcconfig */ = {isa = PBXFileReference; includeInIndex = 1; lastKnownFileType = text.xcconfig; name = "Pods-ApplicationTwo.debug.xcconfig"; path = "Target Support Files/Pods-ApplicationTwo/Pods-ApplicationTwo.debug.xcconfig"; sourceTree = "<group>"; };
		BFDF918344F6452E30C527BD /* Pods-ApplicationTwo.release.xcconfig */ = {isa = PBXFileReference; includeInIndex = 1; lastKnownFileType = text.xcconfig; name = "Pods-ApplicationTwo.release.xcconfig"; path = "Target Support Files/Pods-ApplicationTwo/Pods-ApplicationTwo.release.xcconfig"; sourceTree = "<group>"; };
		F3915981796009460293E9A8 /* Pods_ApplicationTwo.framework */ = {isa = PBXFileReference; explicitFileType = wrapper.framework; includeInIndex = 0; path = Pods_ApplicationTwo.framework; sourceTree = BUILT_PRODUCTS_DIR; };
		F6336944296B621C006A1196 /* ApplicationTwo.app */ = {isa = PBXFileReference; explicitFileType = wrapper.application; includeInIndex = 0; path = ApplicationTwo.app; sourceTree = BUILT_PRODUCTS_DIR; };
		F6336947296B621C006A1196 /* AppDelegate.swift */ = {isa = PBXFileReference; lastKnownFileType = sourcecode.swift; path = AppDelegate.swift; sourceTree = "<group>"; };
		F6336949296B621C006A1196 /* SceneDelegate.swift */ = {isa = PBXFileReference; lastKnownFileType = sourcecode.swift; path = SceneDelegate.swift; sourceTree = "<group>"; };
		F633694B296B621C006A1196 /* ViewController.swift */ = {isa = PBXFileReference; lastKnownFileType = sourcecode.swift; path = ViewController.swift; sourceTree = "<group>"; };
		F633694E296B621C006A1196 /* Base */ = {isa = PBXFileReference; lastKnownFileType = file.storyboard; name = Base; path = Base.lproj/Main.storyboard; sourceTree = "<group>"; };
		F6336950296B621D006A1196 /* Assets.xcassets */ = {isa = PBXFileReference; lastKnownFileType = folder.assetcatalog; path = Assets.xcassets; sourceTree = "<group>"; };
		F6336953296B621D006A1196 /* Base */ = {isa = PBXFileReference; lastKnownFileType = file.storyboard; name = Base; path = Base.lproj/LaunchScreen.storyboard; sourceTree = "<group>"; };
		F6336955296B621D006A1196 /* Info.plist */ = {isa = PBXFileReference; lastKnownFileType = text.plist.xml; path = Info.plist; sourceTree = "<group>"; };
/* End PBXFileReference section */

/* Begin PBXFrameworksBuildPhase section */
		F6336941296B621C006A1196 /* Frameworks */ = {
			isa = PBXFrameworksBuildPhase;
			buildActionMask = 2147483647;
			files = (
				88DD5DB3984C0F9E24BF32C7 /* Pods_ApplicationTwo.framework in Frameworks */,
			);
			runOnlyForDeploymentPostprocessing = 0;
		};
/* End PBXFrameworksBuildPhase section */

/* Begin PBXGroup section */
		C6B6BA5E413201C8D223BA33 /* Frameworks */ = {
			isa = PBXGroup;
			children = (
				F3915981796009460293E9A8 /* Pods_ApplicationTwo.framework */,
			);
			name = Frameworks;
			sourceTree = "<group>";
		};
		CF0AC315C89AD1A0F96FB761 /* Pods */ = {
			isa = PBXGroup;
			children = (
				9FE26AE134C1101261847C69 /* Pods-ApplicationTwo.debug.xcconfig */,
				BFDF918344F6452E30C527BD /* Pods-ApplicationTwo.release.xcconfig */,
			);
			name = Pods;
			path = Pods;
			sourceTree = "<group>";
		};
		F633693B296B621C006A1196 = {
			isa = PBXGroup;
			children = (
				F6336946296B621C006A1196 /* ApplicationTwo */,
				F6336945296B621C006A1196 /* Products */,
				CF0AC315C89AD1A0F96FB761 /* Pods */,
				C6B6BA5E413201C8D223BA33 /* Frameworks */,
			);
			sourceTree = "<group>";
		};
		F6336945296B621C006A1196 /* Products */ = {
			isa = PBXGroup;
			children = (
				F6336944296B621C006A1196 /* ApplicationTwo.app */,
			);
			name = Products;
			sourceTree = "<group>";
		};
		F6336946296B621C006A1196 /* ApplicationTwo */ = {
			isa = PBXGroup;
			children = (
				F6336947296B621C006A1196 /* AppDelegate.swift */,
				F6336949296B621C006A1196 /* SceneDelegate.swift */,
				F633694B296B621C006A1196 /* ViewController.swift */,
				F633694D296B621C006A1196 /* Main.storyboard */,
				F6336950296B621D006A1196 /* Assets.xcassets */,
				F6336952296B621D006A1196 /* LaunchScreen.storyboard */,
				F6336955296B621D006A1196 /* Info.plist */,
			);
			path = ApplicationTwo;
			sourceTree = "<group>";
		};
/* End PBXGroup section */

/* Begin PBXNativeTarget section */
		F6336943296B621C006A1196 /* ApplicationTwo */ = {
			isa = PBXNativeTarget;
			buildConfigurationList = F6336958296B621D006A1196 /* Build configuration list for PBXNativeTarget "ApplicationTwo" */;
			buildPhases = (
				66338FE00213944F6F268214 /* [CP] Check Pods Manifest.lock */,
				F6336940296B621C006A1196 /* Sources */,
				F6336941296B621C006A1196 /* Frameworks */,
				F6336942296B621C006A1196 /* Resources */,
				2F5B069676A9C35610BA6F34 /* [CP] Embed Pods Frameworks */,
			);
			buildRules = (
			);
			dependencies = (
			);
			name = ApplicationTwo;
			productName = ApplicationTwo;
			productReference = F6336944296B621C006A1196 /* ApplicationTwo.app */;
			productType = "com.apple.product-type.application";
		};
/* End PBXNativeTarget section */

/* Begin PBXProject section */
		F633693C296B621C006A1196 /* Project object */ = {
			isa = PBXProject;
			attributes = {
				LastSwiftUpdateCheck = 1250;
				LastUpgradeCheck = 1250;
				TargetAttributes = {
					F6336943296B621C006A1196 = {
						CreatedOnToolsVersion = 12.5.1;
					};
				};
			};
			buildConfigurationList = F633693F296B621C006A1196 /* Build configuration list for PBXProject "ApplicationTwo" */;
			compatibilityVersion = "Xcode 9.3";
			developmentRegion = en;
			hasScannedForEncodings = 0;
			knownRegions = (
				en,
				Base,
			);
			mainGroup = F633693B296B621C006A1196;
			productRefGroup = F6336945296B621C006A1196 /* Products */;
			projectDirPath = "";
			projectRoot = "";
			targets = (
				F6336943296B621C006A1196 /* ApplicationTwo */,
			);
		};
/* End PBXProject section */

/* Begin PBXResourcesBuildPhase section */
		F6336942296B621C006A1196 /* Resources */ = {
			isa = PBXResourcesBuildPhase;
			buildActionMask = 2147483647;
			files = (
				F6336954296B621D006A1196 /* LaunchScreen.storyboard in Resources */,
				F6336951296B621D006A1196 /* Assets.xcassets in Resources */,
				F633694F296B621C006A1196 /* Main.storyboard in Resources */,
			);
			runOnlyForDeploymentPostprocessing = 0;
		};
/* End PBXResourcesBuildPhase section */

/* Begin PBXShellScriptBuildPhase section */
		2F5B069676A9C35610BA6F34 /* [CP] Embed Pods Frameworks */ = {
			isa = PBXShellScriptBuildPhase;
			buildActionMask = 2147483647;
			files = (
			);
			inputFileListPaths = (
				"${PODS_ROOT}/Target Support Files/Pods-ApplicationTwo/Pods-ApplicationTwo-frameworks-${CONFIGURATION}-input-files.xcfilelist",
			);
			name = "[CP] Embed Pods Frameworks";
			outputFileListPaths = (
				"${PODS_ROOT}/Target Support Files/Pods-ApplicationTwo/Pods-ApplicationTwo-frameworks-${CONFIGURATION}-output-files.xcfilelist",
			);
			runOnlyForDeploymentPostprocessing = 0;
			shellPath = /bin/sh;
			shellScript = "\"${PODS_ROOT}/Target Support Files/Pods-ApplicationTwo/Pods-ApplicationTwo-frameworks.sh\"\n";
			showEnvVarsInLog = 0;
		};
		66338FE00213944F6F268214 /* [CP] Check Pods Manifest.lock */ = {
			isa = PBXShellScriptBuildPhase;
			buildActionMask = 2147483647;
			files = (
			);
			inputFileListPaths = (
			);
			inputPaths = (
				"${PODS_PODFILE_DIR_PATH}/Podfile.lock",
				"${PODS_ROOT}/Manifest.lock",
			);
			name = "[CP] Check Pods Manifest.lock";
			outputFileListPaths = (
			);
			outputPaths = (
				"$(DERIVED_FILE_DIR)/Pods-ApplicationTwo-checkManifestLockResult.txt",
			);
			runOnlyForDeploymentPostprocessing = 0;
			shellPath = /bin/sh;
			shellScript = "diff \"${PODS_PODFILE_DIR_PATH}/Podfile.lock\" \"${PODS_ROOT}/Manifest.lock\" > /dev/null\nif [ $? != 0 ] ; then\n    # print error to STDERR\n    echo \"error: The sandbox is not in sync with the Podfile.lock. Run 'pod install' or update your CocoaPods installation.\" >&2\n    exit 1\nfi\n# This output is used by Xcode 'outputs' to avoid re-running this script phase.\necho \"SUCCESS\" > \"${SCRIPT_OUTPUT_FILE_0}\"\n";
			showEnvVarsInLog = 0;
		};
/* End PBXShellScriptBuildPhase section */

/* Begin PBXSourcesBuildPhase section */
		F6336940296B621C006A1196 /* Sources */ = {
			isa = PBXSourcesBuildPhase;
			buildActionMask = 2147483647;
			files = (
				F633694C296B621C006A1196 /* ViewController.swift in Sources */,
				F6336948296B621C006A1196 /* AppDelegate.swift in Sources */,
				F633694A296B621C006A1196 /* SceneDelegate.swift in Sources */,
			);
			runOnlyForDeploymentPostprocessing = 0;
		};
/* End PBXSourcesBuildPhase section */

/* Begin PBXVariantGroup section */
		F633694D296B621C006A1196 /* Main.storyboard */ = {
			isa = PBXVariantGroup;
			children = (
				F633694E296B621C006A1196 /* Base */,
			);
			name = Main.storyboard;
			sourceTree = "<group>";
		};
		F6336952296B621D006A1196 /* LaunchScreen.storyboard */ = {
			isa = PBXVariantGroup;
			children = (
				F6336953296B621D006A1196 /* Base */,
			);
			name = LaunchScreen.storyboard;
			sourceTree = "<group>";
		};
/* End PBXVariantGroup section */

/* Begin XCBuildConfiguration section */
		F6336956296B621D006A1196 /* Debug */ = {
			isa = XCBuildConfiguration;
			buildSettings = {
				ALWAYS_SEARCH_USER_PATHS = NO;
				CLANG_ANALYZER_NONNULL = YES;
				CLANG_ANALYZER_NUMBER_OBJECT_CONVERSION = YES_AGGRESSIVE;
				CLANG_CXX_LANGUAGE_STANDARD = "gnu++14";
				CLANG_CXX_LIBRARY = "libc++";
				CLANG_ENABLE_MODULES = YES;
				CLANG_ENABLE_OBJC_ARC = YES;
				CLANG_ENABLE_OBJC_WEAK = YES;
				CLANG_WARN_BLOCK_CAPTURE_AUTORELEASING = YES;
				CLANG_WARN_BOOL_CONVERSION = YES;
				CLANG_WARN_COMMA = YES;
				CLANG_WARN_CONSTANT_CONVERSION = YES;
				CLANG_WARN_DEPRECATED_OBJC_IMPLEMENTATIONS = YES;
				CLANG_WARN_DIRECT_OBJC_ISA_USAGE = YES_ERROR;
				CLANG_WARN_DOCUMENTATION_COMMENTS = YES;
				CLANG_WARN_EMPTY_BODY = YES;
				CLANG_WARN_ENUM_CONVERSION = YES;
				CLANG_WARN_INFINITE_RECURSION = YES;
				CLANG_WARN_INT_CONVERSION = YES;
				CLANG_WARN_NON_LITERAL_NULL_CONVERSION = YES;
				CLANG_WARN_OBJC_IMPLICIT_RETAIN_SELF = YES;
				CLANG_WARN_OBJC_LITERAL_CONVERSION = YES;
				CLANG_WARN_OBJC_ROOT_CLASS = YES_ERROR;
				CLANG_WARN_QUOTED_INCLUDE_IN_FRAMEWORK_HEADER = YES;
				CLANG_WARN_RANGE_LOOP_ANALYSIS = YES;
				CLANG_WARN_STRICT_PROTOTYPES = YES;
				CLANG_WARN_SUSPICIOUS_MOVE = YES;
				CLANG_WARN_UNGUARDED_AVAILABILITY = YES_AGGRESSIVE;
				CLANG_WARN_UNREACHABLE_CODE = YES;
				CLANG_WARN__DUPLICATE_METHOD_MATCH = YES;
				COPY_PHASE_STRIP = NO;
				DEBUG_INFORMATION_FORMAT = dwarf;
				ENABLE_STRICT_OBJC_MSGSEND = YES;
				ENABLE_TESTABILITY = YES;
				GCC_C_LANGUAGE_STANDARD = gnu11;
				GCC_DYNAMIC_NO_PIC = NO;
				GCC_NO_COMMON_BLOCKS = YES;
				GCC_OPTIMIZATION_LEVEL = 0;
				GCC_PREPROCESSOR_DEFINITIONS = (
					"DEBUG=1",
					"$(inherited)",
				);
				GCC_WARN_64_TO_32_BIT_CONVERSION = YES;
				GCC_WARN_ABOUT_RETURN_TYPE = YES_ERROR;
				GCC_WARN_UNDECLARED_SELECTOR = YES;
				GCC_WARN_UNINITIALIZED_AUTOS = YES_AGGRESSIVE;
				GCC_WARN_UNUSED_FUNCTION = YES;
				GCC_WARN_UNUSED_VARIABLE = YES;
				IPHONEOS_DEPLOYMENT_TARGET = 14.5;
				MTL_ENABLE_DEBUG_INFO = INCLUDE_SOURCE;
				MTL_FAST_MATH = YES;
				ONLY_ACTIVE_ARCH = YES;
				SDKROOT = iphoneos;
				SWIFT_ACTIVE_COMPILATION_CONDITIONS = DEBUG;
				SWIFT_OPTIMIZATION_LEVEL = "-Onone";
			};
			name = Debug;
		};
		F6336957296B621D006A1196 /* Release */ = {
			isa = XCBuildConfiguration;
			buildSettings = {
				ALWAYS_SEARCH_USER_PATHS = NO;
				CLANG_ANALYZER_NONNULL = YES;
				CLANG_ANALYZER_NUMBER_OBJECT_CONVERSION = YES_AGGRESSIVE;
				CLANG_CXX_LANGUAGE_STANDARD = "gnu++14";
				CLANG_CXX_LIBRARY = "libc++";
				CLANG_ENABLE_MODULES = YES;
				CLANG_ENABLE_OBJC_ARC = YES;
				CLANG_ENABLE_OBJC_WEAK = YES;
				CLANG_WARN_BLOCK_CAPTURE_AUTORELEASING = YES;
				CLANG_WARN_BOOL_CONVERSION = YES;
				CLANG_WARN_COMMA = YES;
				CLANG_WARN_CONSTANT_CONVERSION = YES;
				CLANG_WARN_DEPRECATED_OBJC_IMPLEMENTATIONS = YES;
				CLANG_WARN_DIRECT_OBJC_ISA_USAGE = YES_ERROR;
				CLANG_WARN_DOCUMENTATION_COMMENTS = YES;
				CLANG_WARN_EMPTY_BODY = YES;
				CLANG_WARN_ENUM_CONVERSION = YES;
				CLANG_WARN_INFINITE_RECURSION = YES;
				CLANG_WARN_INT_CONVERSION = YES;
				CLANG_WARN_NON_LITERAL_NULL_CONVERSION = YES;
				CLANG_WARN_OBJC_IMPLICIT_RETAIN_SELF = YES;
				CLANG_WARN_OBJC_LITERAL_CONVERSION = YES;
				CLANG_WARN_OBJC_ROOT_CLASS = YES_ERROR;
				CLANG_WARN_QUOTED_INCLUDE_IN_FRAMEWORK_HEADER = YES;
				CLANG_WARN_RANGE_LOOP_ANALYSIS = YES;
				CLANG_WARN_STRICT_PROTOTYPES = YES;
				CLANG_WARN_SUSPICIOUS_MOVE = YES;
				CLANG_WARN_UNGUARDED_AVAILABILITY = YES_AGGRESSIVE;
				CLANG_WARN_UNREACHABLE_CODE = YES;
				CLANG_WARN__DUPLICATE_METHOD_MATCH = YES;
				COPY_PHASE_STRIP = NO;
				DEBUG_INFORMATION_FORMAT = "dwarf-with-dsym";
				ENABLE_NS_ASSERTIONS = NO;
				ENABLE_STRICT_OBJC_MSGSEND = YES;
				GCC_C_LANGUAGE_STANDARD = gnu11;
				GCC_NO_COMMON_BLOCKS = YES;
				GCC_WARN_64_TO_32_BIT_CONVERSION = YES;
				GCC_WARN_ABOUT_RETURN_TYPE = YES_ERROR;
				GCC_WARN_UNDECLARED_SELECTOR = YES;
				GCC_WARN_UNINITIALIZED_AUTOS = YES_AGGRESSIVE;
				GCC_WARN_UNUSED_FUNCTION = YES;
				GCC_WARN_UNUSED_VARIABLE = YES;
				IPHONEOS_DEPLOYMENT_TARGET = 14.5;
				MTL_ENABLE_DEBUG_INFO = NO;
				MTL_FAST_MATH = YES;
				SDKROOT = iphoneos;
				SWIFT_COMPILATION_MODE = wholemodule;
				SWIFT_OPTIMIZATION_LEVEL = "-O";
				VALIDATE_PRODUCT = YES;
			};
			name = Release;
		};
		F6336959296B621D006A1196 /* Debug */ = {
			isa = XCBuildConfiguration;
			baseConfigurationReference = 9FE26AE134C1101261847C69 /* Pods-ApplicationTwo.debug.xcconfig */;
			buildSettings = {
				ASSETCATALOG_COMPILER_APPICON_NAME = AppIcon;
				ASSETCATALOG_COMPILER_GLOBAL_ACCENT_COLOR_NAME = AccentColor;
				CODE_SIGN_STYLE = Automatic;
				INFOPLIST_FILE = ApplicationTwo/Info.plist;
				LD_RUNPATH_SEARCH_PATHS = (
					"$(inherited)",
					"@executable_path/Frameworks",
				);
				PRODUCT_BUNDLE_IDENTIFIER = com.aruzhan.tlek.ApplicationTwo;
				PRODUCT_NAME = "$(TARGET_NAME)";
				SWIFT_VERSION = 5.0;
				TARGETED_DEVICE_FAMILY = "1,2";
			};
			name = Debug;
		};
		F633695A296B621D006A1196 /* Release */ = {
			isa = XCBuildConfiguration;
			baseConfigurationReference = BFDF918344F6452E30C527BD /* Pods-ApplicationTwo.release.xcconfig */;
			buildSettings = {
				ASSETCATALOG_COMPILER_APPICON_NAME = AppIcon;
				ASSETCATALOG_COMPILER_GLOBAL_ACCENT_COLOR_NAME = AccentColor;
				CODE_SIGN_STYLE = Automatic;
				INFOPLIST_FILE = ApplicationTwo/Info.plist;
				LD_RUNPATH_SEARCH_PATHS = (
					"$(inherited)",
					"@executable_path/Frameworks",
				);
				PRODUCT_BUNDLE_IDENTIFIER = com.aruzhan.tlek.ApplicationTwo;
				PRODUCT_NAME = "$(TARGET_NAME)";
				SWIFT_VERSION = 5.0;
				TARGETED_DEVICE_FAMILY = "1,2";
			};
			name = Release;
		};
/* End XCBuildConfiguration section */

/* Begin XCConfigurationList section */
		F633693F296B621C006A1196 /* Build configuration list for PBXProject "ApplicationTwo" */ = {
			isa = XCConfigurationList;
			buildConfigurations = (
				F6336956296B621D006A1196 /* Debug */,
				F6336957296B621D006A1196 /* Release */,
			);
			defaultConfigurationIsVisible = 0;
			defaultConfigurationName = Release;
		};
		F6336958296B621D006A1196 /* Build configuration list for PBXNativeTarget "ApplicationTwo" */ = {
			isa = XCConfigurationList;
			buildConfigurations = (
				F6336959296B621D006A1196 /* Debug */,
				F633695A296B621D006A1196 /* Release */,
			);
			defaultConfigurationIsVisible = 0;
			defaultConfigurationName = Release;
		};
/* End XCConfigurationList section */
	};
	rootObject = F633693C296B621C006A1196 /* Project object */;
}
