// !$*UTF8*$!
{
	archiveVersion = 1;
	classes = {
	};
	objectVersion = 50;
	objects = {

/* Begin PBXBuildFile section */
		F605445259E5AEBEBB5A61DF /* Pods_ApplicationOne.framework in Frameworks */ = {isa = PBXBuildFile; fileRef = 86A34E7A9B8A08B9366C5C39 /* Pods_ApplicationOne.framework */; };
		F62D9678296232E500D98E8E /* AppDelegate.swift in Sources */ = {isa = PBXBuildFile; fileRef = F62D9677296232E500D98E8E /* AppDelegate.swift */; };
		F62D967A296232E500D98E8E /* SceneDelegate.swift in Sources */ = {isa = PBXBuildFile; fileRef = F62D9679296232E500D98E8E /* SceneDelegate.swift */; };
		F62D967C296232E500D98E8E /* ViewController.swift in Sources */ = {isa = PBXBuildFile; fileRef = F62D967B296232E500D98E8E /* ViewController.swift */; };
		F62D967F296232E500D98E8E /* Main.storyboard in Resources */ = {isa = PBXBuildFile; fileRef = F62D967D296232E500D98E8E /* Main.storyboard */; };
		F62D9681296232E600D98E8E /* Assets.xcassets in Resources */ = {isa = PBXBuildFile; fileRef = F62D9680296232E600D98E8E /* Assets.xcassets */; };
		F62D9684296232E600D98E8E /* LaunchScreen.storyboard in Resources */ = {isa = PBXBuildFile; fileRef = F62D9682296232E600D98E8E /* LaunchScreen.storyboard */; };
/* End PBXBuildFile section */

/* Begin PBXFileReference section */
		4CC7DBA7FD177127C4D848BE /* Pods-ApplicationOne.release.xcconfig */ = {isa = PBXFileReference; includeInIndex = 1; lastKnownFileType = text.xcconfig; name = "Pods-ApplicationOne.release.xcconfig"; path = "Target Support Files/Pods-ApplicationOne/Pods-ApplicationOne.release.xcconfig"; sourceTree = "<group>"; };
		86A34E7A9B8A08B9366C5C39 /* Pods_ApplicationOne.framework */ = {isa = PBXFileReference; explicitFileType = wrapper.framework; includeInIndex = 0; path = Pods_ApplicationOne.framework; sourceTree = BUILT_PRODUCTS_DIR; };
		B00A6B0E2999EE20C462B7AA /* Pods-ApplicationOne.debug.xcconfig */ = {isa = PBXFileReference; includeInIndex = 1; lastKnownFileType = text.xcconfig; name = "Pods-ApplicationOne.debug.xcconfig"; path = "Target Support Files/Pods-ApplicationOne/Pods-ApplicationOne.debug.xcconfig"; sourceTree = "<group>"; };
		F62D9674296232E500D98E8E /* ApplicationOne.app */ = {isa = PBXFileReference; explicitFileType = wrapper.application; includeInIndex = 0; path = ApplicationOne.app; sourceTree = BUILT_PRODUCTS_DIR; };
		F62D9677296232E500D98E8E /* AppDelegate.swift */ = {isa = PBXFileReference; lastKnownFileType = sourcecode.swift; path = AppDelegate.swift; sourceTree = "<group>"; };
		F62D9679296232E500D98E8E /* SceneDelegate.swift */ = {isa = PBXFileReference; lastKnownFileType = sourcecode.swift; path = SceneDelegate.swift; sourceTree = "<group>"; };
		F62D967B296232E500D98E8E /* ViewController.swift */ = {isa = PBXFileReference; lastKnownFileType = sourcecode.swift; path = ViewController.swift; sourceTree = "<group>"; };
		F62D967E296232E500D98E8E /* Base */ = {isa = PBXFileReference; lastKnownFileType = file.storyboard; name = Base; path = Base.lproj/Main.storyboard; sourceTree = "<group>"; };
		F62D9680296232E600D98E8E /* Assets.xcassets */ = {isa = PBXFileReference; lastKnownFileType = folder.assetcatalog; path = Assets.xcassets; sourceTree = "<group>"; };
		F62D9683296232E600D98E8E /* Base */ = {isa = PBXFileReference; lastKnownFileType = file.storyboard; name = Base; path = Base.lproj/LaunchScreen.storyboard; sourceTree = "<group>"; };
		F62D9685296232E600D98E8E /* Info.plist */ = {isa = PBXFileReference; lastKnownFileType = text.plist.xml; path = Info.plist; sourceTree = "<group>"; };
/* End PBXFileReference section */

/* Begin PBXFrameworksBuildPhase section */
		F62D9671296232E500D98E8E /* Frameworks */ = {
			isa = PBXFrameworksBuildPhase;
			buildActionMask = 2147483647;
			files = (
				F605445259E5AEBEBB5A61DF /* Pods_ApplicationOne.framework in Frameworks */,
			);
			runOnlyForDeploymentPostprocessing = 0;
		};
/* End PBXFrameworksBuildPhase section */

/* Begin PBXGroup section */
		3B5419D8B5FC2FCE282CDF4B /* Pods */ = {
			isa = PBXGroup;
			children = (
				B00A6B0E2999EE20C462B7AA /* Pods-ApplicationOne.debug.xcconfig */,
				4CC7DBA7FD177127C4D848BE /* Pods-ApplicationOne.release.xcconfig */,
			);
			name = Pods;
			path = Pods;
			sourceTree = "<group>";
		};
		470C3734DF7BD8355060CA10 /* Frameworks */ = {
			isa = PBXGroup;
			children = (
				86A34E7A9B8A08B9366C5C39 /* Pods_ApplicationOne.framework */,
			);
			name = Frameworks;
			sourceTree = "<group>";
		};
		F62D966B296232E500D98E8E = {
			isa = PBXGroup;
			children = (
				F62D9676296232E500D98E8E /* ApplicationOne */,
				F62D9675296232E500D98E8E /* Products */,
				3B5419D8B5FC2FCE282CDF4B /* Pods */,
				470C3734DF7BD8355060CA10 /* Frameworks */,
			);
			sourceTree = "<group>";
		};
		F62D9675296232E500D98E8E /* Products */ = {
			isa = PBXGroup;
			children = (
				F62D9674296232E500D98E8E /* ApplicationOne.app */,
			);
			name = Products;
			sourceTree = "<group>";
		};
		F62D9676296232E500D98E8E /* ApplicationOne */ = {
			isa = PBXGroup;
			children = (
				F62D9677296232E500D98E8E /* AppDelegate.swift */,
				F62D9679296232E500D98E8E /* SceneDelegate.swift */,
				F62D967B296232E500D98E8E /* ViewController.swift */,
				F62D967D296232E500D98E8E /* Main.storyboard */,
				F62D9680296232E600D98E8E /* Assets.xcassets */,
				F62D9682296232E600D98E8E /* LaunchScreen.storyboard */,
				F62D9685296232E600D98E8E /* Info.plist */,
			);
			path = ApplicationOne;
			sourceTree = "<group>";
		};
/* End PBXGroup section */

/* Begin PBXNativeTarget section */
		F62D9673296232E500D98E8E /* ApplicationOne */ = {
			isa = PBXNativeTarget;
			buildConfigurationList = F62D9688296232E600D98E8E /* Build configuration list for PBXNativeTarget "ApplicationOne" */;
			buildPhases = (
				4080A16318582E09C052BA48 /* [CP] Check Pods Manifest.lock */,
				F62D9670296232E500D98E8E /* Sources */,
				F62D9671296232E500D98E8E /* Frameworks */,
				F62D9672296232E500D98E8E /* Resources */,
				6BBE760F54044978E019D4AF /* [CP] Embed Pods Frameworks */,
			);
			buildRules = (
			);
			dependencies = (
			);
			name = ApplicationOne;
			productName = ApplicationOne;
			productReference = F62D9674296232E500D98E8E /* ApplicationOne.app */;
			productType = "com.apple.product-type.application";
		};
/* End PBXNativeTarget section */

/* Begin PBXProject section */
		F62D966C296232E500D98E8E /* Project object */ = {
			isa = PBXProject;
			attributes = {
				LastSwiftUpdateCheck = 1250;
				LastUpgradeCheck = 1250;
				TargetAttributes = {
					F62D9673296232E500D98E8E = {
						CreatedOnToolsVersion = 12.5.1;
					};
				};
			};
			buildConfigurationList = F62D966F296232E500D98E8E /* Build configuration list for PBXProject "ApplicationOne" */;
			compatibilityVersion = "Xcode 9.3";
			developmentRegion = en;
			hasScannedForEncodings = 0;
			knownRegions = (
				en,
				Base,
			);
			mainGroup = F62D966B296232E500D98E8E;
			productRefGroup = F62D9675296232E500D98E8E /* Products */;
			projectDirPath = "";
			projectRoot = "";
			targets = (
				F62D9673296232E500D98E8E /* ApplicationOne */,
			);
		};
/* End PBXProject section */

/* Begin PBXResourcesBuildPhase section */
		F62D9672296232E500D98E8E /* Resources */ = {
			isa = PBXResourcesBuildPhase;
			buildActionMask = 2147483647;
			files = (
				F62D9684296232E600D98E8E /* LaunchScreen.storyboard in Resources */,
				F62D9681296232E600D98E8E /* Assets.xcassets in Resources */,
				F62D967F296232E500D98E8E /* Main.storyboard in Resources */,
			);
			runOnlyForDeploymentPostprocessing = 0;
		};
/* End PBXResourcesBuildPhase section */

/* Begin PBXShellScriptBuildPhase section */
		4080A16318582E09C052BA48 /* [CP] Check Pods Manifest.lock */ = {
			isa = PBXShellScriptBuildPhase;
			buildActionMask = 2147483647;
			files = (
			);
			inputFileListPaths = (
			);
			inputPaths = (
				"${PODS_PODFILE_DIR_PATH}/Podfile.lock",
				"${PODS_ROOT}/Manifest.lock",
			);
			name = "[CP] Check Pods Manifest.lock";
			outputFileListPaths = (
			);
			outputPaths = (
				"$(DERIVED_FILE_DIR)/Pods-ApplicationOne-checkManifestLockResult.txt",
			);
			runOnlyForDeploymentPostprocessing = 0;
			shellPath = /bin/sh;
			shellScript = "diff \"${PODS_PODFILE_DIR_PATH}/Podfile.lock\" \"${PODS_ROOT}/Manifest.lock\" > /dev/null\nif [ $? != 0 ] ; then\n    # print error to STDERR\n    echo \"error: The sandbox is not in sync with the Podfile.lock. Run 'pod install' or update your CocoaPods installation.\" >&2\n    exit 1\nfi\n# This output is used by Xcode 'outputs' to avoid re-running this script phase.\necho \"SUCCESS\" > \"${SCRIPT_OUTPUT_FILE_0}\"\n";
			showEnvVarsInLog = 0;
		};
		6BBE760F54044978E019D4AF /* [CP] Embed Pods Frameworks */ = {
			isa = PBXShellScriptBuildPhase;
			buildActionMask = 2147483647;
			files = (
			);
			inputFileListPaths = (
				"${PODS_ROOT}/Target Support Files/Pods-ApplicationOne/Pods-ApplicationOne-frameworks-${CONFIGURATION}-input-files.xcfilelist",
			);
			name = "[CP] Embed Pods Frameworks";
			outputFileListPaths = (
				"${PODS_ROOT}/Target Support Files/Pods-ApplicationOne/Pods-ApplicationOne-frameworks-${CONFIGURATION}-output-files.xcfilelist",
			);
			runOnlyForDeploymentPostprocessing = 0;
			shellPath = /bin/sh;
			shellScript = "\"${PODS_ROOT}/Target Support Files/Pods-ApplicationOne/Pods-ApplicationOne-frameworks.sh\"\n";
			showEnvVarsInLog = 0;
		};
/* End PBXShellScriptBuildPhase section */

/* Begin PBXSourcesBuildPhase section */
		F62D9670296232E500D98E8E /* Sources */ = {
			isa = PBXSourcesBuildPhase;
			buildActionMask = 2147483647;
			files = (
				F62D967C296232E500D98E8E /* ViewController.swift in Sources */,
				F62D9678296232E500D98E8E /* AppDelegate.swift in Sources */,
				F62D967A296232E500D98E8E /* SceneDelegate.swift in Sources */,
			);
			runOnlyForDeploymentPostprocessing = 0;
		};
/* End PBXSourcesBuildPhase section */

/* Begin PBXVariantGroup section */
		F62D967D296232E500D98E8E /* Main.storyboard */ = {
			isa = PBXVariantGroup;
			children = (
				F62D967E296232E500D98E8E /* Base */,
			);
			name = Main.storyboard;
			sourceTree = "<group>";
		};
		F62D9682296232E600D98E8E /* LaunchScreen.storyboard */ = {
			isa = PBXVariantGroup;
			children = (
				F62D9683296232E600D98E8E /* Base */,
			);
			name = LaunchScreen.storyboard;
			sourceTree = "<group>";
		};
/* End PBXVariantGroup section */

/* Begin XCBuildConfiguration section */
		F62D9686296232E600D98E8E /* Debug */ = {
			isa = XCBuildConfiguration;
			buildSettings = {
				ALWAYS_SEARCH_USER_PATHS = NO;
				CLANG_ANALYZER_NONNULL = YES;
				CLANG_ANALYZER_NUMBER_OBJECT_CONVERSION = YES_AGGRESSIVE;
				CLANG_CXX_LANGUAGE_STANDARD = "gnu++14";
				CLANG_CXX_LIBRARY = "libc++";
				CLANG_ENABLE_MODULES = YES;
				CLANG_ENABLE_OBJC_ARC = YES;
				CLANG_ENABLE_OBJC_WEAK = YES;
				CLANG_WARN_BLOCK_CAPTURE_AUTORELEASING = YES;
				CLANG_WARN_BOOL_CONVERSION = YES;
				CLANG_WARN_COMMA = YES;
				CLANG_WARN_CONSTANT_CONVERSION = YES;
				CLANG_WARN_DEPRECATED_OBJC_IMPLEMENTATIONS = YES;
				CLANG_WARN_DIRECT_OBJC_ISA_USAGE = YES_ERROR;
				CLANG_WARN_DOCUMENTATION_COMMENTS = YES;
				CLANG_WARN_EMPTY_BODY = YES;
				CLANG_WARN_ENUM_CONVERSION = YES;
				CLANG_WARN_INFINITE_RECURSION = YES;
				CLANG_WARN_INT_CONVERSION = YES;
				CLANG_WARN_NON_LITERAL_NULL_CONVERSION = YES;
				CLANG_WARN_OBJC_IMPLICIT_RETAIN_SELF = YES;
				CLANG_WARN_OBJC_LITERAL_CONVERSION = YES;
				CLANG_WARN_OBJC_ROOT_CLASS = YES_ERROR;
				CLANG_WARN_QUOTED_INCLUDE_IN_FRAMEWORK_HEADER = YES;
				CLANG_WARN_RANGE_LOOP_ANALYSIS = YES;
				CLANG_WARN_STRICT_PROTOTYPES = YES;
				CLANG_WARN_SUSPICIOUS_MOVE = YES;
				CLANG_WARN_UNGUARDED_AVAILABILITY = YES_AGGRESSIVE;
				CLANG_WARN_UNREACHABLE_CODE = YES;
				CLANG_WARN__DUPLICATE_METHOD_MATCH = YES;
				COPY_PHASE_STRIP = NO;
				DEBUG_INFORMATION_FORMAT = dwarf;
				ENABLE_STRICT_OBJC_MSGSEND = YES;
				ENABLE_TESTABILITY = YES;
				GCC_C_LANGUAGE_STANDARD = gnu11;
				GCC_DYNAMIC_NO_PIC = NO;
				GCC_NO_COMMON_BLOCKS = YES;
				GCC_OPTIMIZATION_LEVEL = 0;
				GCC_PREPROCESSOR_DEFINITIONS = (
					"DEBUG=1",
					"$(inherited)",
				);
				GCC_WARN_64_TO_32_BIT_CONVERSION = YES;
				GCC_WARN_ABOUT_RETURN_TYPE = YES_ERROR;
				GCC_WARN_UNDECLARED_SELECTOR = YES;
				GCC_WARN_UNINITIALIZED_AUTOS = YES_AGGRESSIVE;
				GCC_WARN_UNUSED_FUNCTION = YES;
				GCC_WARN_UNUSED_VARIABLE = YES;
				IPHONEOS_DEPLOYMENT_TARGET = 14.5;
				MTL_ENABLE_DEBUG_INFO = INCLUDE_SOURCE;
				MTL_FAST_MATH = YES;
				ONLY_ACTIVE_ARCH = YES;
				SDKROOT = iphoneos;
				SWIFT_ACTIVE_COMPILATION_CONDITIONS = DEBUG;
				SWIFT_OPTIMIZATION_LEVEL = "-Onone";
			};
			name = Debug;
		};
		F62D9687296232E600D98E8E /* Release */ = {
			isa = XCBuildConfiguration;
			buildSettings = {
				ALWAYS_SEARCH_USER_PATHS = NO;
				CLANG_ANALYZER_NONNULL = YES;
				CLANG_ANALYZER_NUMBER_OBJECT_CONVERSION = YES_AGGRESSIVE;
				CLANG_CXX_LANGUAGE_STANDARD = "gnu++14";
				CLANG_CXX_LIBRARY = "libc++";
				CLANG_ENABLE_MODULES = YES;
				CLANG_ENABLE_OBJC_ARC = YES;
				CLANG_ENABLE_OBJC_WEAK = YES;
				CLANG_WARN_BLOCK_CAPTURE_AUTORELEASING = YES;
				CLANG_WARN_BOOL_CONVERSION = YES;
				CLANG_WARN_COMMA = YES;
				CLANG_WARN_CONSTANT_CONVERSION = YES;
				CLANG_WARN_DEPRECATED_OBJC_IMPLEMENTATIONS = YES;
				CLANG_WARN_DIRECT_OBJC_ISA_USAGE = YES_ERROR;
				CLANG_WARN_DOCUMENTATION_COMMENTS = YES;
				CLANG_WARN_EMPTY_BODY = YES;
				CLANG_WARN_ENUM_CONVERSION = YES;
				CLANG_WARN_INFINITE_RECURSION = YES;
				CLANG_WARN_INT_CONVERSION = YES;
				CLANG_WARN_NON_LITERAL_NULL_CONVERSION = YES;
				CLANG_WARN_OBJC_IMPLICIT_RETAIN_SELF = YES;
				CLANG_WARN_OBJC_LITERAL_CONVERSION = YES;
				CLANG_WARN_OBJC_ROOT_CLASS = YES_ERROR;
				CLANG_WARN_QUOTED_INCLUDE_IN_FRAMEWORK_HEADER = YES;
				CLANG_WARN_RANGE_LOOP_ANALYSIS = YES;
				CLANG_WARN_STRICT_PROTOTYPES = YES;
				CLANG_WARN_SUSPICIOUS_MOVE = YES;
				CLANG_WARN_UNGUARDED_AVAILABILITY = YES_AGGRESSIVE;
				CLANG_WARN_UNREACHABLE_CODE = YES;
				CLANG_WARN__DUPLICATE_METHOD_MATCH = YES;
				COPY_PHASE_STRIP = NO;
				DEBUG_INFORMATION_FORMAT = "dwarf-with-dsym";
				ENABLE_NS_ASSERTIONS = NO;
				ENABLE_STRICT_OBJC_MSGSEND = YES;
				GCC_C_LANGUAGE_STANDARD = gnu11;
				GCC_NO_COMMON_BLOCKS = YES;
				GCC_WARN_64_TO_32_BIT_CONVERSION = YES;
				GCC_WARN_ABOUT_RETURN_TYPE = YES_ERROR;
				GCC_WARN_UNDECLARED_SELECTOR = YES;
				GCC_WARN_UNINITIALIZED_AUTOS = YES_AGGRESSIVE;
				GCC_WARN_UNUSED_FUNCTION = YES;
				GCC_WARN_UNUSED_VARIABLE = YES;
				IPHONEOS_DEPLOYMENT_TARGET = 14.5;
				MTL_ENABLE_DEBUG_INFO = NO;
				MTL_FAST_MATH = YES;
				SDKROOT = iphoneos;
				SWIFT_COMPILATION_MODE = wholemodule;
				SWIFT_OPTIMIZATION_LEVEL = "-O";
				VALIDATE_PRODUCT = YES;
			};
			name = Release;
		};
		F62D9689296232E600D98E8E /* Debug */ = {
			isa = XCBuildConfiguration;
			baseConfigurationReference = B00A6B0E2999EE20C462B7AA /* Pods-ApplicationOne.debug.xcconfig */;
			buildSettings = {
				ASSETCATALOG_COMPILER_APPICON_NAME = AppIcon;
				ASSETCATALOG_COMPILER_GLOBAL_ACCENT_COLOR_NAME = AccentColor;
				CODE_SIGN_STYLE = Automatic;
				INFOPLIST_FILE = ApplicationOne/Info.plist;
				LD_RUNPATH_SEARCH_PATHS = (
					"$(inherited)",
					"@executable_path/Frameworks",
				);
				PRODUCT_BUNDLE_IDENTIFIER = com.aruzhan.tlek.ApplicationOne;
				PRODUCT_NAME = "$(TARGET_NAME)";
				SWIFT_VERSION = 5.0;
				TARGETED_DEVICE_FAMILY = "1,2";
			};
			name = Debug;
		};
		F62D968A296232E600D98E8E /* Release */ = {
			isa = XCBuildConfiguration;
			baseConfigurationReference = 4CC7DBA7FD177127C4D848BE /* Pods-ApplicationOne.release.xcconfig */;
			buildSettings = {
				ASSETCATALOG_COMPILER_APPICON_NAME = AppIcon;
				ASSETCATALOG_COMPILER_GLOBAL_ACCENT_COLOR_NAME = AccentColor;
				CODE_SIGN_STYLE = Automatic;
				INFOPLIST_FILE = ApplicationOne/Info.plist;
				LD_RUNPATH_SEARCH_PATHS = (
					"$(inherited)",
					"@executable_path/Frameworks",
				);
				PRODUCT_BUNDLE_IDENTIFIER = com.aruzhan.tlek.ApplicationOne;
				PRODUCT_NAME = "$(TARGET_NAME)";
				SWIFT_VERSION = 5.0;
				TARGETED_DEVICE_FAMILY = "1,2";
			};
			name = Release;
		};
/* End XCBuildConfiguration section */

/* Begin XCConfigurationList section */
		F62D966F296232E500D98E8E /* Build configuration list for PBXProject "ApplicationOne" */ = {
			isa = XCConfigurationList;
			buildConfigurations = (
				F62D9686296232E600D98E8E /* Debug */,
				F62D9687296232E600D98E8E /* Release */,
			);
			defaultConfigurationIsVisible = 0;
			defaultConfigurationName = Release;
		};
		F62D9688296232E600D98E8E /* Build configuration list for PBXNativeTarget "ApplicationOne" */ = {
			isa = XCConfigurationList;
			buildConfigurations = (
				F62D9689296232E600D98E8E /* Debug */,
				F62D968A296232E600D98E8E /* Release */,
			);
			defaultConfigurationIsVisible = 0;
			defaultConfigurationName = Release;
		};
/* End XCConfigurationList section */
	};
	rootObject = F62D966C296232E500D98E8E /* Project object */;
}
